
Microsoft Visual Studio Solution File, Format Version 12.00
# Visual Studio Version 16
VisualStudioVersion = 16.0.30204.135
MinimumVisualStudioVersion = 10.0.40219.1
Project("{FAE04EC0-301F-11D3-BF4B-00C04F79EFBC}") = "ShortestPaths", "ShortestPaths.csproj", "{C0EE6852-3E23-47EC-A094-70A10A705DB2}"
EndProject
Global
	GlobalSection(SolutionConfigurationPlatforms) = preSolution
		Debug|Any CPU = Debug|Any CPU
		Release|Any CPU = Release|Any CPU
	EndGlobalSection
	GlobalSection(ProjectConfigurationPlatforms) = postSolution
		{C0EE6852-3E23-47EC-A094-70A10A705DB2}.Debug|Any CPU.ActiveCfg = Debug|Any CPU
		{C0EE6852-3E23-47EC-A094-70A10A705DB2}.Debug|Any CPU.Build.0 = Debug|Any CPU
		{C0EE6852-3E23-47EC-A094-70A10A705DB2}.Release|Any CPU.ActiveCfg = Release|Any CPU
		{C0EE6852-3E23-47EC-A094-70A10A705DB2}.Release|Any CPU.Build.0 = Release|Any CPU
	EndGlobalSection
	GlobalSection(SolutionProperties) = preSolution
		HideSolutionNode = FALSE
	EndGlobalSection
	GlobalSection(ExtensibilityGlobals) = postSolution
		SolutionGuid = {E3BF83BF-1AE3-4255-B5F0-7CC7AAE47315}
	EndGlobalSection
EndGlobal
